// !$*UTF8*$!
{
	archiveVersion = 1;
	classes = {
	};
	objectVersion = 46;
	objects = {

/* Begin PBXBuildFile section */
		04EADF24E10F8185E5A4E0DC /* ofxStats.cpp in Sources */ = {isa = PBXBuildFile; fileRef = 1A406AE9EBBBC39DFC86BBE7 /* ofxStats.cpp */; };
		20B09BDF2518F5E343BEA41D /* ofxDVS.cpp in Sources */ = {isa = PBXBuildFile; fileRef = 1FD5DE589407BAEC49F9E7E3 /* ofxDVS.cpp */; };
		25418C9D4B3B57222099CD60 /* dynapse.c in Sources */ = {isa = PBXBuildFile; fileRef = F74BDB9757D0DE7E14A91BFE /* dynapse.c */; };
		3A778AE3ADACC3F218128EFF /* log.c in Sources */ = {isa = PBXBuildFile; fileRef = 43DA9F18637C47D997E7C9C2 /* log.c */; };
		408E92C787DE6EDE5D3E4693 /* device.c in Sources */ = {isa = PBXBuildFile; fileRef = E6BF861CFA656ED539F40510 /* device.c */; };
		4363DD56D0F0DADD83593218 /* ringbuffer.c in Sources */ = {isa = PBXBuildFile; fileRef = 97C7D802EBDF2126B3EBDFA3 /* ringbuffer.c */; };
		4F948936FD4C00C4B03F7FA8 /* events.c in Sources */ = {isa = PBXBuildFile; fileRef = 408D3AE2AD8590F3B04EFC6C /* events.c */; };
		5E9F18E67D74FB3C83421BF5 /* dvs128.c in Sources */ = {isa = PBXBuildFile; fileRef = AD975112D95064883DCD661B /* dvs128.c */; };
		988A453C859F755B2BE778CD /* usb_utils.c in Sources */ = {isa = PBXBuildFile; fileRef = 9A19279480BF6ADC7339B83C /* usb_utils.c */; };
		C8A4B0FA91BF65A21618A458 /* davis_common.c in Sources */ = {isa = PBXBuildFile; fileRef = CC80A564796D4641D396A92A /* davis_common.c */; };
		DDE0DD29AC05468A869F7378 /* frame_utils.c in Sources */ = {isa = PBXBuildFile; fileRef = E821615051B5C7A06E1D7D2A /* frame_utils.c */; };
		E4328149138ABC9F0047C5CB /* openFrameworksDebug.a in Frameworks */ = {isa = PBXBuildFile; fileRef = E4328148138ABC890047C5CB /* openFrameworksDebug.a */; };
		E4B69E200A3A1BDC003C02F2 /* main.cpp in Sources */ = {isa = PBXBuildFile; fileRef = E4B69E1D0A3A1BDC003C02F2 /* main.cpp */; };
		E4B69E210A3A1BDC003C02F2 /* ofApp.cpp in Sources */ = {isa = PBXBuildFile; fileRef = E4B69E1E0A3A1BDC003C02F2 /* ofApp.cpp */; };
		FB1858EF104D56E41EE52D04 /* autoexposure.c in Sources */ = {isa = PBXBuildFile; fileRef = 52FDA5E3611A2CACB05DEF82 /* autoexposure.c */; };
/* End PBXBuildFile section */

/* Begin PBXContainerItemProxy section */
		E4328147138ABC890047C5CB /* PBXContainerItemProxy */ = {
			isa = PBXContainerItemProxy;
			containerPortal = E4328143138ABC890047C5CB /* openFrameworksLib.xcodeproj */;
			proxyType = 2;
			remoteGlobalIDString = E4B27C1510CBEB8E00536013;
			remoteInfo = openFrameworks;
		};
		E4EEB9AB138B136A00A80321 /* PBXContainerItemProxy */ = {
			isa = PBXContainerItemProxy;
			containerPortal = E4328143138ABC890047C5CB /* openFrameworksLib.xcodeproj */;
			proxyType = 1;
			remoteGlobalIDString = E4B27C1410CBEB8E00536013;
			remoteInfo = openFrameworks;
		};
/* End PBXContainerItemProxy section */

/* Begin PBXCopyFilesBuildPhase section */
		E4C2427710CC5ABF004149E2 /* CopyFiles */ = {
			isa = PBXCopyFilesBuildPhase;
			buildActionMask = 2147483647;
			dstPath = "";
			dstSubfolderSpec = 10;
			files = (
			);
			runOnlyForDeploymentPostprocessing = 0;
		};
/* End PBXCopyFilesBuildPhase section */

/* Begin PBXFileReference section */
		03E29596675835AF0F0A4DAE /* point2d.hpp */ = {isa = PBXFileReference; explicitFileType = sourcecode.c.h; fileEncoding = 30; name = point2d.hpp; path = ../../../addons/ofxSiliconRetina/libs/libcaer/includecpp/events/point2d.hpp; sourceTree = SOURCE_ROOT; };
		0ADD4FB97D3DE60EE6868198 /* sample.hpp */ = {isa = PBXFileReference; explicitFileType = sourcecode.c.h; fileEncoding = 30; name = sample.hpp; path = ../../../addons/ofxSiliconRetina/libs/libcaer/includecpp/events/sample.hpp; sourceTree = SOURCE_ROOT; };
		16A3B6CC38E2D46CC8B05DC6 /* polarity.hpp */ = {isa = PBXFileReference; explicitFileType = sourcecode.c.h; fileEncoding = 30; name = polarity.hpp; path = ../../../addons/ofxSiliconRetina/libs/libcaer/includecpp/events/polarity.hpp; sourceTree = SOURCE_ROOT; };
		1A406AE9EBBBC39DFC86BBE7 /* ofxStats.cpp */ = {isa = PBXFileReference; explicitFileType = sourcecode.cpp.cpp; fileEncoding = 30; name = ofxStats.cpp; path = ../../../addons/ofxStats/src/ofxStats.cpp; sourceTree = SOURCE_ROOT; };
		1A4C63A98C53F8BEA4B545E0 /* network.h */ = {isa = PBXFileReference; explicitFileType = sourcecode.c.h; fileEncoding = 30; name = network.h; path = ../../../addons/ofxSiliconRetina/libs/libcaer/include/network.h; sourceTree = SOURCE_ROOT; };
		1BAE97339B248DC41DE8EAE9 /* packetContainer.h */ = {isa = PBXFileReference; explicitFileType = sourcecode.c.h; fileEncoding = 30; name = packetContainer.h; path = ../../../addons/ofxSiliconRetina/libs/libcaer/include/events/packetContainer.h; sourceTree = SOURCE_ROOT; };
		1FD5DE589407BAEC49F9E7E3 /* ofxDVS.cpp */ = {isa = PBXFileReference; explicitFileType = sourcecode.cpp.cpp; fileEncoding = 30; name = ofxDVS.cpp; path = ../../../addons/ofxSiliconRetina/src/ofxDVS.cpp; sourceTree = SOURCE_ROOT; };
		264909ECC3D3AA06B5221895 /* libcaer.h */ = {isa = PBXFileReference; explicitFileType = sourcecode.c.h; fileEncoding = 30; name = libcaer.h; path = ../../../addons/ofxSiliconRetina/libs/libcaer/include/libcaer.h; sourceTree = SOURCE_ROOT; };
		2B627BC08F693B1239A9BFC0 /* packetContainer.hpp */ = {isa = PBXFileReference; explicitFileType = sourcecode.c.h; fileEncoding = 30; name = packetContainer.hpp; path = ../../../addons/ofxSiliconRetina/libs/libcaer/includecpp/events/packetContainer.hpp; sourceTree = SOURCE_ROOT; };
		329D792CCECF5284C3E78566 /* ringbuffer.h */ = {isa = PBXFileReference; explicitFileType = sourcecode.c.h; fileEncoding = 30; name = ringbuffer.h; path = ../../../addons/ofxSiliconRetina/libs/libcaer/src/ringbuffer/ringbuffer.h; sourceTree = SOURCE_ROOT; };
		347FB6E5D0C4F6C4012A6F23 /* sample.h */ = {isa = PBXFileReference; explicitFileType = sourcecode.c.h; fileEncoding = 30; name = sample.h; path = ../../../addons/ofxSiliconRetina/libs/libcaer/include/events/sample.h; sourceTree = SOURCE_ROOT; };
		356CDFDDD3E86A3220D2FB4A /* utils.hpp */ = {isa = PBXFileReference; explicitFileType = sourcecode.c.h; fileEncoding = 30; name = utils.hpp; path = ../../../addons/ofxSiliconRetina/libs/libcaer/includecpp/events/utils.hpp; sourceTree = SOURCE_ROOT; };
		3880D6C34C0802C7DFC4D517 /* frame.h */ = {isa = PBXFileReference; explicitFileType = sourcecode.c.h; fileEncoding = 30; name = frame.h; path = ../../../addons/ofxSiliconRetina/libs/libcaer/include/events/frame.h; sourceTree = SOURCE_ROOT; };
		3AA8706AC57581F726B577DB /* imu9.h */ = {isa = PBXFileReference; explicitFileType = sourcecode.c.h; fileEncoding = 30; name = imu9.h; path = ../../../addons/ofxSiliconRetina/libs/libcaer/include/events/imu9.h; sourceTree = SOURCE_ROOT; };
		3E8E6C7C22C3AACF7B6FA5A2 /* davis.h */ = {isa = PBXFileReference; explicitFileType = sourcecode.c.h; fileEncoding = 30; name = davis.h; path = ../../../addons/ofxSiliconRetina/libs/libcaer/include/devices/davis.h; sourceTree = SOURCE_ROOT; };
		408D3AE2AD8590F3B04EFC6C /* events.c */ = {isa = PBXFileReference; explicitFileType = sourcecode.c.c; fileEncoding = 30; name = events.c; path = ../../../addons/ofxSiliconRetina/libs/libcaer/src/events.c; sourceTree = SOURCE_ROOT; };
		428C4CB0EB43C04F643E0D92 /* imu9.hpp */ = {isa = PBXFileReference; explicitFileType = sourcecode.c.h; fileEncoding = 30; name = imu9.hpp; path = ../../../addons/ofxSiliconRetina/libs/libcaer/includecpp/events/imu9.hpp; sourceTree = SOURCE_ROOT; };
		43DA9F18637C47D997E7C9C2 /* log.c */ = {isa = PBXFileReference; explicitFileType = sourcecode.c.c; fileEncoding = 30; name = log.c; path = ../../../addons/ofxSiliconRetina/libs/libcaer/src/log.c; sourceTree = SOURCE_ROOT; };
		469D2715EA0B563F3BE4E0C3 /* autoexposure.h */ = {isa = PBXFileReference; explicitFileType = sourcecode.c.h; fileEncoding = 30; name = autoexposure.h; path = ../../../addons/ofxSiliconRetina/libs/libcaer/src/autoexposure.h; sourceTree = SOURCE_ROOT; };
		52FDA5E3611A2CACB05DEF82 /* autoexposure.c */ = {isa = PBXFileReference; explicitFileType = sourcecode.c.c; fileEncoding = 30; name = autoexposure.c; path = ../../../addons/ofxSiliconRetina/libs/libcaer/src/autoexposure.c; sourceTree = SOURCE_ROOT; };
		53A28478E031D1938A2DCF57 /* c11threads_posix.h */ = {isa = PBXFileReference; explicitFileType = sourcecode.c.h; fileEncoding = 30; name = c11threads_posix.h; path = ../../../addons/ofxSiliconRetina/libs/libcaer/src/c11threads_posix.h; sourceTree = SOURCE_ROOT; };
		544E689EA4AF0BFB65F33347 /* common.hpp */ = {isa = PBXFileReference; explicitFileType = sourcecode.c.h; fileEncoding = 30; name = common.hpp; path = ../../../addons/ofxSiliconRetina/libs/libcaer/includecpp/events/common.hpp; sourceTree = SOURCE_ROOT; };
		5554E02EE2BA451645586113 /* dynapse.h */ = {isa = PBXFileReference; explicitFileType = sourcecode.c.h; fileEncoding = 30; name = dynapse.h; path = ../../../addons/ofxSiliconRetina/libs/libcaer/include/devices/dynapse.h; sourceTree = SOURCE_ROOT; };
		5DDAE67229D9A61724BA9CE0 /* log.h */ = {isa = PBXFileReference; explicitFileType = sourcecode.c.h; fileEncoding = 30; name = log.h; path = ../../../addons/ofxSiliconRetina/libs/libcaer/include/log.h; sourceTree = SOURCE_ROOT; };
		6046C51C5BD9DCBF06986B54 /* point3d.h */ = {isa = PBXFileReference; explicitFileType = sourcecode.c.h; fileEncoding = 30; name = point3d.h; path = ../../../addons/ofxSiliconRetina/libs/libcaer/include/events/point3d.h; sourceTree = SOURCE_ROOT; };
		61DC1359831D4C2E555E351A /* frame_utils.h */ = {isa = PBXFileReference; explicitFileType = sourcecode.c.h; fileEncoding = 30; name = frame_utils.h; path = ../../../addons/ofxSiliconRetina/libs/libcaer/include/frame_utils.h; sourceTree = SOURCE_ROOT; };
		63D2850AAF18F81E7C571D5C /* usb_utils.h */ = {isa = PBXFileReference; explicitFileType = sourcecode.c.h; fileEncoding = 30; name = usb_utils.h; path = ../../../addons/ofxSiliconRetina/libs/libcaer/src/usb_utils.h; sourceTree = SOURCE_ROOT; };
		68A2055A71B308DB85642920 /* point4d.hpp */ = {isa = PBXFileReference; explicitFileType = sourcecode.c.h; fileEncoding = 30; name = point4d.hpp; path = ../../../addons/ofxSiliconRetina/libs/libcaer/includecpp/events/point4d.hpp; sourceTree = SOURCE_ROOT; };
		71C79627A2C07B647B92923E /* portable_aligned_alloc.h */ = {isa = PBXFileReference; explicitFileType = sourcecode.c.h; fileEncoding = 30; name = portable_aligned_alloc.h; path = ../../../addons/ofxSiliconRetina/libs/libcaer/src/ringbuffer/portable_aligned_alloc.h; sourceTree = SOURCE_ROOT; };
		72B6D9F6396CBAB509A90777 /* libusb.h */ = {isa = PBXFileReference; explicitFileType = sourcecode.c.h; fileEncoding = 30; name = libusb.h; path = "../../../addons/ofxSiliconRetina/libs/libusb-1.0/include/libusb.h"; sourceTree = SOURCE_ROOT; };
		784A13640E955EEFCA725235 /* dvs128.h */ = {isa = PBXFileReference; explicitFileType = sourcecode.c.h; fileEncoding = 30; name = dvs128.h; path = ../../../addons/ofxSiliconRetina/libs/libcaer/src/dvs128.h; sourceTree = SOURCE_ROOT; };
		79C40CED16184AB056D72086 /* ofxStats.h */ = {isa = PBXFileReference; explicitFileType = sourcecode.c.h; fileEncoding = 30; name = ofxStats.h; path = ../../../addons/ofxStats/src/ofxStats.h; sourceTree = SOURCE_ROOT; };
		7C418F41FED8092EDB344226 /* config.h */ = {isa = PBXFileReference; explicitFileType = sourcecode.c.h; fileEncoding = 30; name = config.h; path = ../../../addons/ofxSiliconRetina/libs/libcaer/include/events/config.h; sourceTree = SOURCE_ROOT; };
		810FBA9BD09ADA751EBB156A /* davis_common.h */ = {isa = PBXFileReference; explicitFileType = sourcecode.c.h; fileEncoding = 30; name = davis_common.h; path = ../../../addons/ofxSiliconRetina/libs/libcaer/src/davis_common.h; sourceTree = SOURCE_ROOT; };
		812AB7A89C8DC53A2D8762D7 /* special.h */ = {isa = PBXFileReference; explicitFileType = sourcecode.c.h; fileEncoding = 30; name = special.h; path = ../../../addons/ofxSiliconRetina/libs/libcaer/include/events/special.h; sourceTree = SOURCE_ROOT; };
		888ADC17FCFFD54DFE06DF15 /* imu6.hpp */ = {isa = PBXFileReference; explicitFileType = sourcecode.c.h; fileEncoding = 30; name = imu6.hpp; path = ../../../addons/ofxSiliconRetina/libs/libcaer/includecpp/events/imu6.hpp; sourceTree = SOURCE_ROOT; };
		88E9B9A95A2EE775CFFC4633 /* usb.h */ = {isa = PBXFileReference; explicitFileType = sourcecode.c.h; fileEncoding = 30; name = usb.h; path = ../../../addons/ofxSiliconRetina/libs/libcaer/include/devices/usb.h; sourceTree = SOURCE_ROOT; };
		8D16A064B037249393ED4907 /* network.hpp */ = {isa = PBXFileReference; explicitFileType = sourcecode.c.h; fileEncoding = 30; name = network.hpp; path = ../../../addons/ofxSiliconRetina/libs/libcaer/includecpp/network.hpp; sourceTree = SOURCE_ROOT; };
		8FFE2A94B121C509C3A3B7E7 /* polarity.h */ = {isa = PBXFileReference; explicitFileType = sourcecode.c.h; fileEncoding = 30; name = polarity.h; path = ../../../addons/ofxSiliconRetina/libs/libcaer/include/events/polarity.h; sourceTree = SOURCE_ROOT; };
		91A1FD5552BA0B1FF7FBCA41 /* point2d.h */ = {isa = PBXFileReference; explicitFileType = sourcecode.c.h; fileEncoding = 30; name = point2d.h; path = ../../../addons/ofxSiliconRetina/libs/libcaer/include/events/point2d.h; sourceTree = SOURCE_ROOT; };
		97C7D802EBDF2126B3EBDFA3 /* ringbuffer.c */ = {isa = PBXFileReference; explicitFileType = sourcecode.c.c; fileEncoding = 30; name = ringbuffer.c; path = ../../../addons/ofxSiliconRetina/libs/libcaer/src/ringbuffer/ringbuffer.c; sourceTree = SOURCE_ROOT; };
		9A19279480BF6ADC7339B83C /* usb_utils.c */ = {isa = PBXFileReference; explicitFileType = sourcecode.c.c; fileEncoding = 30; name = usb_utils.c; path = ../../../addons/ofxSiliconRetina/libs/libcaer/src/usb_utils.c; sourceTree = SOURCE_ROOT; };
		9EFE95E860A7A5A2A564B01A /* davis.hpp */ = {isa = PBXFileReference; explicitFileType = sourcecode.c.h; fileEncoding = 30; name = davis.hpp; path = ../../../addons/ofxSiliconRetina/libs/libcaer/includecpp/devices/davis.hpp; sourceTree = SOURCE_ROOT; };
		9F230FAC78D55B68D531E535 /* portable_endian.h */ = {isa = PBXFileReference; explicitFileType = sourcecode.c.h; fileEncoding = 30; name = portable_endian.h; path = ../../../addons/ofxSiliconRetina/libs/libcaer/include/portable_endian.h; sourceTree = SOURCE_ROOT; };
		A59F18BF347F3B181E15E00E /* spike.hpp */ = {isa = PBXFileReference; explicitFileType = sourcecode.c.h; fileEncoding = 30; name = spike.hpp; path = ../../../addons/ofxSiliconRetina/libs/libcaer/includecpp/events/spike.hpp; sourceTree = SOURCE_ROOT; };
		A9BA291E147FE297B5741E71 /* dvs128.hpp */ = {isa = PBXFileReference; explicitFileType = sourcecode.c.h; fileEncoding = 30; name = dvs128.hpp; path = ../../../addons/ofxSiliconRetina/libs/libcaer/includecpp/devices/dvs128.hpp; sourceTree = SOURCE_ROOT; };
		AD975112D95064883DCD661B /* dvs128.c */ = {isa = PBXFileReference; explicitFileType = sourcecode.c.c; fileEncoding = 30; name = dvs128.c; path = ../../../addons/ofxSiliconRetina/libs/libcaer/src/dvs128.c; sourceTree = SOURCE_ROOT; };
		B187AEDED3FB36C22B4B1930 /* imu6.h */ = {isa = PBXFileReference; explicitFileType = sourcecode.c.h; fileEncoding = 30; name = imu6.h; path = ../../../addons/ofxSiliconRetina/libs/libcaer/include/events/imu6.h; sourceTree = SOURCE_ROOT; };
		B43F5C5937BFF8945582095B /* point4d.h */ = {isa = PBXFileReference; explicitFileType = sourcecode.c.h; fileEncoding = 30; name = point4d.h; path = ../../../addons/ofxSiliconRetina/libs/libcaer/include/events/point4d.h; sourceTree = SOURCE_ROOT; };
		B6AA6B59B8FE890B2C949DDB /* ear.hpp */ = {isa = PBXFileReference; explicitFileType = sourcecode.c.h; fileEncoding = 30; name = ear.hpp; path = ../../../addons/ofxSiliconRetina/libs/libcaer/includecpp/events/ear.hpp; sourceTree = SOURCE_ROOT; };
		B92D50DFDB10A7157D71A4C3 /* ear.h */ = {isa = PBXFileReference; explicitFileType = sourcecode.c.h; fileEncoding = 30; name = ear.h; path = ../../../addons/ofxSiliconRetina/libs/libcaer/include/events/ear.h; sourceTree = SOURCE_ROOT; };
		B994F12156F66283973F8516 /* point1d.hpp */ = {isa = PBXFileReference; explicitFileType = sourcecode.c.h; fileEncoding = 30; name = point1d.hpp; path = ../../../addons/ofxSiliconRetina/libs/libcaer/includecpp/events/point1d.hpp; sourceTree = SOURCE_ROOT; };
		BE45EC8F077F42B9E58D35E3 /* dvs128.h */ = {isa = PBXFileReference; explicitFileType = sourcecode.c.h; fileEncoding = 30; name = dvs128.h; path = ../../../addons/ofxSiliconRetina/libs/libcaer/include/devices/dvs128.h; sourceTree = SOURCE_ROOT; };
		C584D43EA5E4BBC13BC302EB /* usb.hpp */ = {isa = PBXFileReference; explicitFileType = sourcecode.c.h; fileEncoding = 30; name = usb.hpp; path = ../../../addons/ofxSiliconRetina/libs/libcaer/includecpp/devices/usb.hpp; sourceTree = SOURCE_ROOT; };
		C73A6E54E482429BC299C0CC /* special.hpp */ = {isa = PBXFileReference; explicitFileType = sourcecode.c.h; fileEncoding = 30; name = special.hpp; path = ../../../addons/ofxSiliconRetina/libs/libcaer/includecpp/events/special.hpp; sourceTree = SOURCE_ROOT; };
		CC80A564796D4641D396A92A /* davis_common.c */ = {isa = PBXFileReference; explicitFileType = sourcecode.c.c; fileEncoding = 30; name = davis_common.c; path = ../../../addons/ofxSiliconRetina/libs/libcaer/src/davis_common.c; sourceTree = SOURCE_ROOT; };
		CDFA6FF8B79081171FDC4623 /* dynapse.hpp */ = {isa = PBXFileReference; explicitFileType = sourcecode.c.h; fileEncoding = 30; name = dynapse.hpp; path = ../../../addons/ofxSiliconRetina/libs/libcaer/includecpp/devices/dynapse.hpp; sourceTree = SOURCE_ROOT; };
		D01A41D2934A066FEF7B9F40 /* libusb.h */ = {isa = PBXFileReference; explicitFileType = sourcecode.c.h; fileEncoding = 30; name = libusb.h; path = "../../../addons/ofxSiliconRetina/libs/libcaer/include/libusb-1.0/libusb.h"; sourceTree = SOURCE_ROOT; };
		D0310B3B3AA2AFDC3A18BD71 /* point3d.hpp */ = {isa = PBXFileReference; explicitFileType = sourcecode.c.h; fileEncoding = 30; name = point3d.hpp; path = ../../../addons/ofxSiliconRetina/libs/libcaer/includecpp/events/point3d.hpp; sourceTree = SOURCE_ROOT; };
		D419A64ABB608B507ED1B5D3 /* dynapse.h */ = {isa = PBXFileReference; explicitFileType = sourcecode.c.h; fileEncoding = 30; name = dynapse.h; path = ../../../addons/ofxSiliconRetina/libs/libcaer/src/dynapse.h; sourceTree = SOURCE_ROOT; };
		E4328143138ABC890047C5CB /* openFrameworksLib.xcodeproj */ = {isa = PBXFileReference; lastKnownFileType = "wrapper.pb-project"; name = openFrameworksLib.xcodeproj; path = ../../../libs/openFrameworksCompiled/project/osx/openFrameworksLib.xcodeproj; sourceTree = SOURCE_ROOT; };
		E4B69B5B0A3A1756003C02F2 /* example_siliconretinaDebug.app */ = {isa = PBXFileReference; explicitFileType = wrapper.application; includeInIndex = 0; path = example_siliconretinaDebug.app; sourceTree = BUILT_PRODUCTS_DIR; };
		E4B69E1D0A3A1BDC003C02F2 /* main.cpp */ = {isa = PBXFileReference; fileEncoding = 30; lastKnownFileType = sourcecode.cpp.cpp; name = main.cpp; path = src/main.cpp; sourceTree = SOURCE_ROOT; };
		E4B69E1E0A3A1BDC003C02F2 /* ofApp.cpp */ = {isa = PBXFileReference; explicitFileType = sourcecode.cpp.cpp; fileEncoding = 30; name = ofApp.cpp; path = src/ofApp.cpp; sourceTree = SOURCE_ROOT; };
		E4B69E1F0A3A1BDC003C02F2 /* ofApp.h */ = {isa = PBXFileReference; fileEncoding = 30; lastKnownFileType = sourcecode.c.h; name = ofApp.h; path = src/ofApp.h; sourceTree = SOURCE_ROOT; };
		E4B6FCAD0C3E899E008CF71C /* openFrameworks-Info.plist */ = {isa = PBXFileReference; fileEncoding = 30; lastKnownFileType = text.plist.xml; path = "openFrameworks-Info.plist"; sourceTree = "<group>"; };
		E4EB691F138AFCF100A09F29 /* CoreOF.xcconfig */ = {isa = PBXFileReference; fileEncoding = 4; lastKnownFileType = text.xcconfig; name = CoreOF.xcconfig; path = ../../../libs/openFrameworksCompiled/project/osx/CoreOF.xcconfig; sourceTree = SOURCE_ROOT; };
		E4EB6923138AFD0F00A09F29 /* Project.xcconfig */ = {isa = PBXFileReference; fileEncoding = 4; lastKnownFileType = text.xcconfig; path = Project.xcconfig; sourceTree = "<group>"; };
		E6BF861CFA656ED539F40510 /* device.c */ = {isa = PBXFileReference; explicitFileType = sourcecode.c.c; fileEncoding = 30; name = device.c; path = ../../../addons/ofxSiliconRetina/libs/libcaer/src/device.c; sourceTree = SOURCE_ROOT; };
		E821615051B5C7A06E1D7D2A /* frame_utils.c */ = {isa = PBXFileReference; explicitFileType = sourcecode.c.c; fileEncoding = 30; name = frame_utils.c; path = ../../../addons/ofxSiliconRetina/libs/libcaer/src/frame_utils.c; sourceTree = SOURCE_ROOT; };
		E905447D0A06334E78C3B5D7 /* common.h */ = {isa = PBXFileReference; explicitFileType = sourcecode.c.h; fileEncoding = 30; name = common.h; path = ../../../addons/ofxSiliconRetina/libs/libcaer/include/events/common.h; sourceTree = SOURCE_ROOT; };
		EBF035B7141D4B9A5EC1F311 /* frame.hpp */ = {isa = PBXFileReference; explicitFileType = sourcecode.c.h; fileEncoding = 30; name = frame.hpp; path = ../../../addons/ofxSiliconRetina/libs/libcaer/includecpp/events/frame.hpp; sourceTree = SOURCE_ROOT; };
		EFAA888A6737BBD933745A2B /* spike.h */ = {isa = PBXFileReference; explicitFileType = sourcecode.c.h; fileEncoding = 30; name = spike.h; path = ../../../addons/ofxSiliconRetina/libs/libcaer/include/events/spike.h; sourceTree = SOURCE_ROOT; };
		F065774D21AECF9FF7185087 /* libcaer.hpp */ = {isa = PBXFileReference; explicitFileType = sourcecode.c.h; fileEncoding = 30; name = libcaer.hpp; path = ../../../addons/ofxSiliconRetina/libs/libcaer/includecpp/libcaer.hpp; sourceTree = SOURCE_ROOT; };
		F4A0DD8CC530FEA384F3135C /* config.hpp */ = {isa = PBXFileReference; explicitFileType = sourcecode.c.h; fileEncoding = 30; name = config.hpp; path = ../../../addons/ofxSiliconRetina/libs/libcaer/includecpp/events/config.hpp; sourceTree = SOURCE_ROOT; };
		F74BDB9757D0DE7E14A91BFE /* dynapse.c */ = {isa = PBXFileReference; explicitFileType = sourcecode.c.c; fileEncoding = 30; name = dynapse.c; path = ../../../addons/ofxSiliconRetina/libs/libcaer/src/dynapse.c; sourceTree = SOURCE_ROOT; };
		FB567BAD41AC1A5055008C77 /* point1d.h */ = {isa = PBXFileReference; explicitFileType = sourcecode.c.h; fileEncoding = 30; name = point1d.h; path = ../../../addons/ofxSiliconRetina/libs/libcaer/include/events/point1d.h; sourceTree = SOURCE_ROOT; };
		FF5E5A2063AD8AB2FAAC253C /* ofxDVS.hpp */ = {isa = PBXFileReference; explicitFileType = sourcecode.c.h; fileEncoding = 30; name = ofxDVS.hpp; path = ../../../addons/ofxSiliconRetina/src/ofxDVS.hpp; sourceTree = SOURCE_ROOT; };
/* End PBXFileReference section */

/* Begin PBXFrameworksBuildPhase section */
		E4B69B590A3A1756003C02F2 /* Frameworks */ = {
			isa = PBXFrameworksBuildPhase;
			buildActionMask = 2147483647;
			files = (
				E4328149138ABC9F0047C5CB /* openFrameworksDebug.a in Frameworks */,
			);
			runOnlyForDeploymentPostprocessing = 0;
		};
/* End PBXFrameworksBuildPhase section */

/* Begin PBXGroup section */
		002FF9EF75984C23C81C71C8 /* src */ = {
			isa = PBXGroup;
			children = (
				52FDA5E3611A2CACB05DEF82 /* autoexposure.c */,
				469D2715EA0B563F3BE4E0C3 /* autoexposure.h */,
				53A28478E031D1938A2DCF57 /* c11threads_posix.h */,
				CC80A564796D4641D396A92A /* davis_common.c */,
				810FBA9BD09ADA751EBB156A /* davis_common.h */,
				E6BF861CFA656ED539F40510 /* device.c */,
				AD975112D95064883DCD661B /* dvs128.c */,
				784A13640E955EEFCA725235 /* dvs128.h */,
				F74BDB9757D0DE7E14A91BFE /* dynapse.c */,
				D419A64ABB608B507ED1B5D3 /* dynapse.h */,
				408D3AE2AD8590F3B04EFC6C /* events.c */,
				E821615051B5C7A06E1D7D2A /* frame_utils.c */,
				43DA9F18637C47D997E7C9C2 /* log.c */,
				53CE87A39F33B4669CE99531 /* ringbuffer */,
				9A19279480BF6ADC7339B83C /* usb_utils.c */,
				63D2850AAF18F81E7C571D5C /* usb_utils.h */,
			);
			name = src;
			sourceTree = "<group>";
		};
		15E4481F0FB2FCE8B0CC7824 /* ofxSiliconRetina */ = {
			isa = PBXGroup;
			children = (
				FF856C20036809D724F03682 /* src */,
				C24EAFEA5F387DDCE4534137 /* libs */,
			);
			name = ofxSiliconRetina;
			sourceTree = "<group>";
		};
		2F1D6B225F788C78882946DA /* include */ = {
			isa = PBXGroup;
			children = (
				72B6D9F6396CBAB509A90777 /* libusb.h */,
			);
			name = include;
			sourceTree = "<group>";
		};
		52FF58B95AAB70FF27099569 /* libusb-1.0 */ = {
			isa = PBXGroup;
			children = (
				D01A41D2934A066FEF7B9F40 /* libusb.h */,
			);
			name = "libusb-1.0";
			sourceTree = "<group>";
		};
		53CE87A39F33B4669CE99531 /* ringbuffer */ = {
			isa = PBXGroup;
			children = (
				71C79627A2C07B647B92923E /* portable_aligned_alloc.h */,
				97C7D802EBDF2126B3EBDFA3 /* ringbuffer.c */,
				329D792CCECF5284C3E78566 /* ringbuffer.h */,
			);
			name = ringbuffer;
			sourceTree = "<group>";
		};
		54228D9D1044B7CEECAC2C1E /* events */ = {
			isa = PBXGroup;
			children = (
				544E689EA4AF0BFB65F33347 /* common.hpp */,
				F4A0DD8CC530FEA384F3135C /* config.hpp */,
				B6AA6B59B8FE890B2C949DDB /* ear.hpp */,
				EBF035B7141D4B9A5EC1F311 /* frame.hpp */,
				888ADC17FCFFD54DFE06DF15 /* imu6.hpp */,
				428C4CB0EB43C04F643E0D92 /* imu9.hpp */,
				2B627BC08F693B1239A9BFC0 /* packetContainer.hpp */,
				B994F12156F66283973F8516 /* point1d.hpp */,
				03E29596675835AF0F0A4DAE /* point2d.hpp */,
				D0310B3B3AA2AFDC3A18BD71 /* point3d.hpp */,
				68A2055A71B308DB85642920 /* point4d.hpp */,
				16A3B6CC38E2D46CC8B05DC6 /* polarity.hpp */,
				0ADD4FB97D3DE60EE6868198 /* sample.hpp */,
				C73A6E54E482429BC299C0CC /* special.hpp */,
				A59F18BF347F3B181E15E00E /* spike.hpp */,
				356CDFDDD3E86A3220D2FB4A /* utils.hpp */,
			);
			name = events;
			sourceTree = "<group>";
		};
		5B18A1385EF7E060409D458E /* events */ = {
			isa = PBXGroup;
			children = (
				E905447D0A06334E78C3B5D7 /* common.h */,
				7C418F41FED8092EDB344226 /* config.h */,
				B92D50DFDB10A7157D71A4C3 /* ear.h */,
				3880D6C34C0802C7DFC4D517 /* frame.h */,
				B187AEDED3FB36C22B4B1930 /* imu6.h */,
				3AA8706AC57581F726B577DB /* imu9.h */,
				1BAE97339B248DC41DE8EAE9 /* packetContainer.h */,
				FB567BAD41AC1A5055008C77 /* point1d.h */,
				91A1FD5552BA0B1FF7FBCA41 /* point2d.h */,
				6046C51C5BD9DCBF06986B54 /* point3d.h */,
				B43F5C5937BFF8945582095B /* point4d.h */,
				8FFE2A94B121C509C3A3B7E7 /* polarity.h */,
				347FB6E5D0C4F6C4012A6F23 /* sample.h */,
				812AB7A89C8DC53A2D8762D7 /* special.h */,
				EFAA888A6737BBD933745A2B /* spike.h */,
			);
			name = events;
			sourceTree = "<group>";
		};
		6948EE371B920CB800B5AC1A /* local_addons */ = {
			isa = PBXGroup;
			children = (
			);
			name = local_addons;
			sourceTree = "<group>";
		};
		7F5207BD341C03D294BDC040 /* devices */ = {
			isa = PBXGroup;
			children = (
				3E8E6C7C22C3AACF7B6FA5A2 /* davis.h */,
				BE45EC8F077F42B9E58D35E3 /* dvs128.h */,
				5554E02EE2BA451645586113 /* dynapse.h */,
				88E9B9A95A2EE775CFFC4633 /* usb.h */,
			);
			name = devices;
			sourceTree = "<group>";
		};
		801A29006D2FD14BF29BE06C /* ofxStats */ = {
			isa = PBXGroup;
			children = (
				E0ECD4E68A65392E93D1BA69 /* src */,
			);
			name = ofxStats;
			sourceTree = "<group>";
		};
		87298478136173E0A77EEAF0 /* devices */ = {
			isa = PBXGroup;
			children = (
				9EFE95E860A7A5A2A564B01A /* davis.hpp */,
				A9BA291E147FE297B5741E71 /* dvs128.hpp */,
				CDFA6FF8B79081171FDC4623 /* dynapse.hpp */,
				C584D43EA5E4BBC13BC302EB /* usb.hpp */,
			);
			name = devices;
			sourceTree = "<group>";
		};
		BB4B014C10F69532006C3DED /* addons */ = {
			isa = PBXGroup;
			children = (
				15E4481F0FB2FCE8B0CC7824 /* ofxSiliconRetina */,
				801A29006D2FD14BF29BE06C /* ofxStats */,
			);
			name = addons;
			sourceTree = "<group>";
		};
		C24EAFEA5F387DDCE4534137 /* libs */ = {
			isa = PBXGroup;
			children = (
				C3518AABF7FB59ADA0538CFD /* libcaer */,
				C8C62617C126D6112E2A0CB0 /* libusb-1.0 */,
			);
			name = libs;
			sourceTree = "<group>";
		};
		C3518AABF7FB59ADA0538CFD /* libcaer */ = {
			isa = PBXGroup;
			children = (
				C65C25D200141BCC66128297 /* include */,
				D6C183F726A191AB65A0E52B /* includecpp */,
				002FF9EF75984C23C81C71C8 /* src */,
			);
			name = libcaer;
			sourceTree = "<group>";
		};
		C65C25D200141BCC66128297 /* include */ = {
			isa = PBXGroup;
			children = (
				7F5207BD341C03D294BDC040 /* devices */,
				5B18A1385EF7E060409D458E /* events */,
				61DC1359831D4C2E555E351A /* frame_utils.h */,
				264909ECC3D3AA06B5221895 /* libcaer.h */,
				52FF58B95AAB70FF27099569 /* libusb-1.0 */,
				5DDAE67229D9A61724BA9CE0 /* log.h */,
				1A4C63A98C53F8BEA4B545E0 /* network.h */,
				9F230FAC78D55B68D531E535 /* portable_endian.h */,
			);
			name = include;
			sourceTree = "<group>";
		};
		C8C62617C126D6112E2A0CB0 /* libusb-1.0 */ = {
			isa = PBXGroup;
			children = (
				2F1D6B225F788C78882946DA /* include */,
			);
			name = "libusb-1.0";
			sourceTree = "<group>";
		};
		D6C183F726A191AB65A0E52B /* includecpp */ = {
			isa = PBXGroup;
			children = (
				87298478136173E0A77EEAF0 /* devices */,
				54228D9D1044B7CEECAC2C1E /* events */,
				F065774D21AECF9FF7185087 /* libcaer.hpp */,
				8D16A064B037249393ED4907 /* network.hpp */,
			);
			name = includecpp;
			sourceTree = "<group>";
		};
		E0ECD4E68A65392E93D1BA69 /* src */ = {
			isa = PBXGroup;
			children = (
				1A406AE9EBBBC39DFC86BBE7 /* ofxStats.cpp */,
				79C40CED16184AB056D72086 /* ofxStats.h */,
			);
			name = src;
			sourceTree = "<group>";
		};
		E4328144138ABC890047C5CB /* Products */ = {
			isa = PBXGroup;
			children = (
				E4328148138ABC890047C5CB /* openFrameworksDebug.a */,
			);
			name = Products;
			sourceTree = "<group>";
		};
		E4B69B4A0A3A1720003C02F2 = {
			isa = PBXGroup;
			children = (
				E4B6FCAD0C3E899E008CF71C /* openFrameworks-Info.plist */,
				E4EB6923138AFD0F00A09F29 /* Project.xcconfig */,
				E4B69E1C0A3A1BDC003C02F2 /* src */,
				E4EEC9E9138DF44700A80321 /* openFrameworks */,
				BB4B014C10F69532006C3DED /* addons */,
				6948EE371B920CB800B5AC1A /* local_addons */,
				E4B69B5B0A3A1756003C02F2 /* example_siliconretinaDebug.app */,
			);
			sourceTree = "<group>";
		};
		E4B69E1C0A3A1BDC003C02F2 /* src */ = {
			isa = PBXGroup;
			children = (
				E4B69E1D0A3A1BDC003C02F2 /* main.cpp */,
				E4B69E1E0A3A1BDC003C02F2 /* ofApp.cpp */,
				E4B69E1F0A3A1BDC003C02F2 /* ofApp.h */,
			);
			path = src;
			sourceTree = SOURCE_ROOT;
		};
		E4EEC9E9138DF44700A80321 /* openFrameworks */ = {
			isa = PBXGroup;
			children = (
				E4EB691F138AFCF100A09F29 /* CoreOF.xcconfig */,
				E4328143138ABC890047C5CB /* openFrameworksLib.xcodeproj */,
			);
			name = openFrameworks;
			sourceTree = "<group>";
		};
		FF856C20036809D724F03682 /* src */ = {
			isa = PBXGroup;
			children = (
				1FD5DE589407BAEC49F9E7E3 /* ofxDVS.cpp */,
				FF5E5A2063AD8AB2FAAC253C /* ofxDVS.hpp */,
			);
			name = src;
			sourceTree = "<group>";
		};
/* End PBXGroup section */

/* Begin PBXNativeTarget section */
		E4B69B5A0A3A1756003C02F2 /* example_siliconretina */ = {
			isa = PBXNativeTarget;
			buildConfigurationList = E4B69B5F0A3A1757003C02F2 /* Build configuration list for PBXNativeTarget "example_siliconretina" */;
			buildPhases = (
				E4B69B580A3A1756003C02F2 /* Sources */,
				E4B69B590A3A1756003C02F2 /* Frameworks */,
				E4B6FFFD0C3F9AB9008CF71C /* ShellScript */,
				E4C2427710CC5ABF004149E2 /* CopyFiles */,
			);
			buildRules = (
			);
			dependencies = (
				E4EEB9AC138B136A00A80321 /* PBXTargetDependency */,
			);
			name = example_siliconretina;
			productName = myOFApp;
			productReference = E4B69B5B0A3A1756003C02F2 /* example_siliconretinaDebug.app */;
			productType = "com.apple.product-type.application";
		};
/* End PBXNativeTarget section */

/* Begin PBXProject section */
		E4B69B4C0A3A1720003C02F2 /* Project object */ = {
			isa = PBXProject;
			attributes = {
				LastUpgradeCheck = 0600;
			};
			buildConfigurationList = E4B69B4D0A3A1720003C02F2 /* Build configuration list for PBXProject "example_siliconretina" */;
			compatibilityVersion = "Xcode 3.2";
			developmentRegion = English;
			hasScannedForEncodings = 0;
			knownRegions = (
				English,
				Japanese,
				French,
				German,
			);
			mainGroup = E4B69B4A0A3A1720003C02F2;
			productRefGroup = E4B69B4A0A3A1720003C02F2;
			projectDirPath = "";
			projectReferences = (
				{
					ProductGroup = E4328144138ABC890047C5CB /* Products */;
					ProjectRef = E4328143138ABC890047C5CB /* openFrameworksLib.xcodeproj */;
				},
			);
			projectRoot = "";
			targets = (
				E4B69B5A0A3A1756003C02F2 /* example_siliconretina */,
			);
		};
/* End PBXProject section */

/* Begin PBXReferenceProxy section */
		E4328148138ABC890047C5CB /* openFrameworksDebug.a */ = {
			isa = PBXReferenceProxy;
			fileType = archive.ar;
			path = openFrameworksDebug.a;
			remoteRef = E4328147138ABC890047C5CB /* PBXContainerItemProxy */;
			sourceTree = BUILT_PRODUCTS_DIR;
		};
/* End PBXReferenceProxy section */

/* Begin PBXShellScriptBuildPhase section */
		E4B6FFFD0C3F9AB9008CF71C /* ShellScript */ = {
			isa = PBXShellScriptBuildPhase;
			buildActionMask = 2147483647;
			files = (
			);
			inputPaths = (
			);
			outputPaths = (
			);
			runOnlyForDeploymentPostprocessing = 0;
			shellPath = /bin/sh;
			shellScript = "mkdir -p \"$TARGET_BUILD_DIR/$PRODUCT_NAME.app/Contents/Resources/\"\n# Copy default icon file into App/Resources\nrsync -aved \"$ICON_FILE\" \"$TARGET_BUILD_DIR/$PRODUCT_NAME.app/Contents/Resources/\"\n# Copy libfmod and change install directory for fmod to run\nrsync -aved ../../../libs/fmodex/lib/osx/libfmodex.dylib \"$TARGET_BUILD_DIR/$PRODUCT_NAME.app/Contents/Frameworks/\";\ninstall_name_tool -change @executable_path/libfmodex.dylib @executable_path/../Frameworks/libfmodex.dylib \"$TARGET_BUILD_DIR/$PRODUCT_NAME.app/Contents/MacOS/$PRODUCT_NAME\";\n# Copy GLUT framework (must remove for AppStore submissions)\nrsync -aved ../../../libs/glut/lib/osx/GLUT.framework \"$TARGET_BUILD_DIR/$PRODUCT_NAME.app/Contents/Frameworks/\"\n";
		};
/* End PBXShellScriptBuildPhase section */

/* Begin PBXSourcesBuildPhase section */
		E4B69B580A3A1756003C02F2 /* Sources */ = {
			isa = PBXSourcesBuildPhase;
			buildActionMask = 2147483647;
			files = (
				E4B69E200A3A1BDC003C02F2 /* main.cpp in Sources */,
				E4B69E210A3A1BDC003C02F2 /* ofApp.cpp in Sources */,
				20B09BDF2518F5E343BEA41D /* ofxDVS.cpp in Sources */,
				FB1858EF104D56E41EE52D04 /* autoexposure.c in Sources */,
				C8A4B0FA91BF65A21618A458 /* davis_common.c in Sources */,
				408E92C787DE6EDE5D3E4693 /* device.c in Sources */,
				5E9F18E67D74FB3C83421BF5 /* dvs128.c in Sources */,
				25418C9D4B3B57222099CD60 /* dynapse.c in Sources */,
				4F948936FD4C00C4B03F7FA8 /* events.c in Sources */,
				DDE0DD29AC05468A869F7378 /* frame_utils.c in Sources */,
				3A778AE3ADACC3F218128EFF /* log.c in Sources */,
				4363DD56D0F0DADD83593218 /* ringbuffer.c in Sources */,
				988A453C859F755B2BE778CD /* usb_utils.c in Sources */,
				04EADF24E10F8185E5A4E0DC /* ofxStats.cpp in Sources */,
			);
			runOnlyForDeploymentPostprocessing = 0;
		};
/* End PBXSourcesBuildPhase section */

/* Begin PBXTargetDependency section */
		E4EEB9AC138B136A00A80321 /* PBXTargetDependency */ = {
			isa = PBXTargetDependency;
			name = openFrameworks;
			targetProxy = E4EEB9AB138B136A00A80321 /* PBXContainerItemProxy */;
		};
/* End PBXTargetDependency section */

/* Begin XCBuildConfiguration section */
		E4B69B4E0A3A1720003C02F2 /* Debug */ = {
			isa = XCBuildConfiguration;
			baseConfigurationReference = E4EB6923138AFD0F00A09F29 /* Project.xcconfig */;
			buildSettings = {
				CONFIGURATION_BUILD_DIR = "$(SRCROOT)/bin/";
				COPY_PHASE_STRIP = NO;
				DEAD_CODE_STRIPPING = YES;
				GCC_AUTO_VECTORIZATION = YES;
				GCC_ENABLE_SSE3_EXTENSIONS = YES;
				GCC_ENABLE_SUPPLEMENTAL_SSE3_INSTRUCTIONS = YES;
				GCC_INLINES_ARE_PRIVATE_EXTERN = NO;
				GCC_OPTIMIZATION_LEVEL = 0;
				GCC_SYMBOLS_PRIVATE_EXTERN = NO;
				GCC_WARN_ABOUT_DEPRECATED_FUNCTIONS = YES;
				GCC_WARN_ABOUT_INVALID_OFFSETOF_MACRO = NO;
				GCC_WARN_ALLOW_INCOMPLETE_PROTOCOL = NO;
				GCC_WARN_UNINITIALIZED_AUTOS = NO;
				GCC_WARN_UNUSED_VALUE = NO;
				GCC_WARN_UNUSED_VARIABLE = NO;
				HEADER_SEARCH_PATHS = (
					"$(OF_CORE_HEADERS)",
					src,
					../../../addons/ofxSiliconRetina/libs,
					../../../addons/ofxSiliconRetina/libs/libcaer,
					../../../addons/ofxSiliconRetina/libs/libcaer/include,
					../../../addons/ofxSiliconRetina/libs/libcaer/include/devices,
					../../../addons/ofxSiliconRetina/libs/libcaer/include/events,
					"../../../addons/ofxSiliconRetina/libs/libcaer/include/libusb-1.0",
					../../../addons/ofxSiliconRetina/libs/libcaer/includecpp,
					../../../addons/ofxSiliconRetina/libs/libcaer/includecpp/devices,
					../../../addons/ofxSiliconRetina/libs/libcaer/includecpp/events,
					../../../addons/ofxSiliconRetina/libs/libcaer/lib,
					../../../addons/ofxSiliconRetina/libs/libcaer/lib/osx,
					../../../addons/ofxSiliconRetina/libs/libcaer/lib/win_cb,
					../../../addons/ofxSiliconRetina/libs/libcaer/src,
					../../../addons/ofxSiliconRetina/libs/libcaer/src/ringbuffer,
					"../../../addons/ofxSiliconRetina/libs/libusb-1.0",
					"../../../addons/ofxSiliconRetina/libs/libusb-1.0/include",
					"../../../addons/ofxSiliconRetina/libs/libusb-1.0/lib",
					"../../../addons/ofxSiliconRetina/libs/libusb-1.0/lib/osx",
					../../../addons/ofxSiliconRetina/src,
					../../../addons/ofxStats/src,
				);
				MACOSX_DEPLOYMENT_TARGET = 10.8;
				ONLY_ACTIVE_ARCH = YES;
				OTHER_CPLUSPLUSFLAGS = (
					"-D__MACOSX_CORE__",
					"-mtune=native",
				);
				OTHER_LDFLAGS = (
					"$(OF_CORE_FRAMEWORKS)",
					"$(OF_CORE_LIBS)",
					../../../addons/ofxSiliconRetina/libs/libcaer/lib/osx/libcaer.2.1.4.dylib,
					"../../../addons/ofxSiliconRetina/libs/libusb-1.0/lib/osx/usb-1.0.a",
				);
				SDKROOT = macosx;
			};
			name = Debug;
		};
		E4B69B4F0A3A1720003C02F2 /* Release */ = {
			isa = XCBuildConfiguration;
			baseConfigurationReference = E4EB6923138AFD0F00A09F29 /* Project.xcconfig */;
			buildSettings = {
				CONFIGURATION_BUILD_DIR = "$(SRCROOT)/bin/";
				COPY_PHASE_STRIP = YES;
				DEAD_CODE_STRIPPING = YES;
				GCC_AUTO_VECTORIZATION = YES;
				GCC_ENABLE_SSE3_EXTENSIONS = YES;
				GCC_ENABLE_SUPPLEMENTAL_SSE3_INSTRUCTIONS = YES;
				GCC_INLINES_ARE_PRIVATE_EXTERN = NO;
				GCC_OPTIMIZATION_LEVEL = 3;
				GCC_SYMBOLS_PRIVATE_EXTERN = NO;
				GCC_UNROLL_LOOPS = YES;
				GCC_WARN_ABOUT_DEPRECATED_FUNCTIONS = YES;
				GCC_WARN_ABOUT_INVALID_OFFSETOF_MACRO = NO;
				GCC_WARN_ALLOW_INCOMPLETE_PROTOCOL = NO;
				GCC_WARN_UNINITIALIZED_AUTOS = NO;
				GCC_WARN_UNUSED_VALUE = NO;
				GCC_WARN_UNUSED_VARIABLE = NO;
				HEADER_SEARCH_PATHS = (
					"$(OF_CORE_HEADERS)",
					src,
					../../../addons/ofxSiliconRetina/libs,
					../../../addons/ofxSiliconRetina/libs/libcaer,
					../../../addons/ofxSiliconRetina/libs/libcaer/include,
					../../../addons/ofxSiliconRetina/libs/libcaer/include/devices,
					../../../addons/ofxSiliconRetina/libs/libcaer/include/events,
					"../../../addons/ofxSiliconRetina/libs/libcaer/include/libusb-1.0",
					../../../addons/ofxSiliconRetina/libs/libcaer/includecpp,
					../../../addons/ofxSiliconRetina/libs/libcaer/includecpp/devices,
					../../../addons/ofxSiliconRetina/libs/libcaer/includecpp/events,
					../../../addons/ofxSiliconRetina/libs/libcaer/lib,
					../../../addons/ofxSiliconRetina/libs/libcaer/lib/osx,
					../../../addons/ofxSiliconRetina/libs/libcaer/lib/win_cb,
					../../../addons/ofxSiliconRetina/libs/libcaer/src,
					../../../addons/ofxSiliconRetina/libs/libcaer/src/ringbuffer,
					"../../../addons/ofxSiliconRetina/libs/libusb-1.0",
					"../../../addons/ofxSiliconRetina/libs/libusb-1.0/include",
					"../../../addons/ofxSiliconRetina/libs/libusb-1.0/lib",
					"../../../addons/ofxSiliconRetina/libs/libusb-1.0/lib/osx",
					../../../addons/ofxSiliconRetina/src,
					../../../addons/ofxStats/src,
				);
				MACOSX_DEPLOYMENT_TARGET = 10.8;
				OTHER_CPLUSPLUSFLAGS = (
					"-D__MACOSX_CORE__",
					"-mtune=native",
				);
				OTHER_LDFLAGS = (
					"$(OF_CORE_FRAMEWORKS)",
					"$(OF_CORE_LIBS)",
					../../../addons/ofxSiliconRetina/libs/libcaer/lib/osx/libcaer.2.1.4.dylib,
					"../../../addons/ofxSiliconRetina/libs/libusb-1.0/lib/osx/usb-1.0.a",
				);
				SDKROOT = macosx;
			};
			name = Release;
		};
		E4B69B600A3A1757003C02F2 /* Debug */ = {
			isa = XCBuildConfiguration;
			baseConfigurationReference = E4EB6923138AFD0F00A09F29 /* Project.xcconfig */;
			buildSettings = {
				COMBINE_HIDPI_IMAGES = YES;
				COPY_PHASE_STRIP = NO;
				FRAMEWORK_SEARCH_PATHS = (
					"$(inherited)",
					"$(FRAMEWORK_SEARCH_PATHS_QUOTED_FOR_TARGET_1)",
				);
				FRAMEWORK_SEARCH_PATHS_QUOTED_FOR_TARGET_1 = "\"$(SRCROOT)/../../../libs/glut/lib/osx\"";
				GCC_DYNAMIC_NO_PIC = NO;
				GCC_GENERATE_DEBUGGING_SYMBOLS = YES;
				GCC_MODEL_TUNING = NONE;
				HEADER_SEARCH_PATHS = (
					"$(OF_CORE_HEADERS)",
					src,
					../../../addons/ofxSiliconRetina/libs,
					../../../addons/ofxSiliconRetina/libs/libcaer,
					../../../addons/ofxSiliconRetina/libs/libcaer/include,
					../../../addons/ofxSiliconRetina/libs/libcaer/include/devices,
					../../../addons/ofxSiliconRetina/libs/libcaer/include/events,
					"../../../addons/ofxSiliconRetina/libs/libcaer/include/libusb-1.0",
					../../../addons/ofxSiliconRetina/libs/libcaer/includecpp,
					../../../addons/ofxSiliconRetina/libs/libcaer/includecpp/devices,
					../../../addons/ofxSiliconRetina/libs/libcaer/includecpp/events,
					../../../addons/ofxSiliconRetina/libs/libcaer/lib,
					../../../addons/ofxSiliconRetina/libs/libcaer/lib/osx,
					../../../addons/ofxSiliconRetina/libs/libcaer/lib/win_cb,
					../../../addons/ofxSiliconRetina/libs/libcaer/src,
					../../../addons/ofxSiliconRetina/libs/libcaer/src/ringbuffer,
					"../../../addons/ofxSiliconRetina/libs/libusb-1.0",
					"../../../addons/ofxSiliconRetina/libs/libusb-1.0/include",
					"../../../addons/ofxSiliconRetina/libs/libusb-1.0/lib",
					"../../../addons/ofxSiliconRetina/libs/libusb-1.0/lib/osx",
					../../../addons/ofxSiliconRetina/src,
					../../../addons/ofxStats/src,
				);
				ICON = "$(ICON_NAME_DEBUG)";
				ICON_FILE = "$(ICON_FILE_PATH)$(ICON)";
				INFOPLIST_FILE = "openFrameworks-Info.plist";
				INSTALL_PATH = /Applications;
				LIBRARY_SEARCH_PATHS = "$(inherited)";
				OTHER_LDFLAGS = (
					"$(OF_CORE_FRAMEWORKS)",
					"$(OF_CORE_LIBS)",
					../../../addons/ofxSiliconRetina/libs/libcaer/lib/osx/libcaer.2.1.4.dylib,
					"../../../addons/ofxSiliconRetina/libs/libusb-1.0/lib/osx/usb-1.0.a",
				);
				PRODUCT_NAME = "$(TARGET_NAME)Debug";
				WRAPPER_EXTENSION = app;
			};
			name = Debug;
		};
		E4B69B610A3A1757003C02F2 /* Release */ = {
			isa = XCBuildConfiguration;
			baseConfigurationReference = E4EB6923138AFD0F00A09F29 /* Project.xcconfig */;
			buildSettings = {
				COMBINE_HIDPI_IMAGES = YES;
				COPY_PHASE_STRIP = YES;
				FRAMEWORK_SEARCH_PATHS = (
					"$(inherited)",
					"$(FRAMEWORK_SEARCH_PATHS_QUOTED_FOR_TARGET_1)",
				);
				FRAMEWORK_SEARCH_PATHS_QUOTED_FOR_TARGET_1 = "\"$(SRCROOT)/../../../libs/glut/lib/osx\"";
				GCC_GENERATE_DEBUGGING_SYMBOLS = YES;
				GCC_MODEL_TUNING = NONE;
				HEADER_SEARCH_PATHS = (
					"$(OF_CORE_HEADERS)",
					src,
					../../../addons/ofxSiliconRetina/libs,
					../../../addons/ofxSiliconRetina/libs/libcaer,
					../../../addons/ofxSiliconRetina/libs/libcaer/include,
					../../../addons/ofxSiliconRetina/libs/libcaer/include/devices,
					../../../addons/ofxSiliconRetina/libs/libcaer/include/events,
					"../../../addons/ofxSiliconRetina/libs/libcaer/include/libusb-1.0",
					../../../addons/ofxSiliconRetina/libs/libcaer/includecpp,
					../../../addons/ofxSiliconRetina/libs/libcaer/includecpp/devices,
					../../../addons/ofxSiliconRetina/libs/libcaer/includecpp/events,
					../../../addons/ofxSiliconRetina/libs/libcaer/lib,
					../../../addons/ofxSiliconRetina/libs/libcaer/lib/osx,
					../../../addons/ofxSiliconRetina/libs/libcaer/lib/win_cb,
					../../../addons/ofxSiliconRetina/libs/libcaer/src,
					../../../addons/ofxSiliconRetina/libs/libcaer/src/ringbuffer,
					"../../../addons/ofxSiliconRetina/libs/libusb-1.0",
					"../../../addons/ofxSiliconRetina/libs/libusb-1.0/include",
					"../../../addons/ofxSiliconRetina/libs/libusb-1.0/lib",
					"../../../addons/ofxSiliconRetina/libs/libusb-1.0/lib/osx",
					../../../addons/ofxSiliconRetina/src,
					../../../addons/ofxStats/src,
				);
				ICON = "$(ICON_NAME_RELEASE)";
				ICON_FILE = "$(ICON_FILE_PATH)$(ICON)";
				INFOPLIST_FILE = "openFrameworks-Info.plist";
				INSTALL_PATH = /Applications;
				LIBRARY_SEARCH_PATHS = "$(inherited)";
				OTHER_LDFLAGS = (
					"$(OF_CORE_FRAMEWORKS)",
					"$(OF_CORE_LIBS)",
					../../../addons/ofxSiliconRetina/libs/libcaer/lib/osx/libcaer.2.1.4.dylib,
					"../../../addons/ofxSiliconRetina/libs/libusb-1.0/lib/osx/usb-1.0.a",
				);
				PRODUCT_NAME = "$(TARGET_NAME)";
				WRAPPER_EXTENSION = app;
				baseConfigurationReference = E4EB6923138AFD0F00A09F29;
			};
			name = Release;
		};
/* End XCBuildConfiguration section */

/* Begin XCConfigurationList section */
		E4B69B4D0A3A1720003C02F2 /* Build configuration list for PBXProject "example_siliconretina" */ = {
			isa = XCConfigurationList;
			buildConfigurations = (
				E4B69B4E0A3A1720003C02F2 /* Debug */,
				E4B69B4F0A3A1720003C02F2 /* Release */,
			);
			defaultConfigurationIsVisible = 0;
			defaultConfigurationName = Release;
		};
		E4B69B5F0A3A1757003C02F2 /* Build configuration list for PBXNativeTarget "example_siliconretina" */ = {
			isa = XCConfigurationList;
			buildConfigurations = (
				E4B69B600A3A1757003C02F2 /* Debug */,
				E4B69B610A3A1757003C02F2 /* Release */,
			);
			defaultConfigurationIsVisible = 0;
			defaultConfigurationName = Release;
		};
/* End XCConfigurationList section */
	};
	rootObject = E4B69B4C0A3A1720003C02F2 /* Project object */;
}
